// !$*UTF8*$!
{
	archiveVersion = 1;
	classes = {
	};
	objectVersion = 55;
	objects = {

/* Begin PBXBuildFile section */
		25B5DCB629049C9D00090BF2 /* AppDelegate.swift in Sources */ = {isa = PBXBuildFile; fileRef = 25B5DCB529049C9D00090BF2 /* AppDelegate.swift */; };
		25B5DCB829049C9D00090BF2 /* SceneDelegate.swift in Sources */ = {isa = PBXBuildFile; fileRef = 25B5DCB729049C9D00090BF2 /* SceneDelegate.swift */; };
		25B5DCBA29049C9D00090BF2 /* ViewController.swift in Sources */ = {isa = PBXBuildFile; fileRef = 25B5DCB929049C9D00090BF2 /* ViewController.swift */; };
		25B5DCBD29049C9D00090BF2 /* Main.storyboard in Resources */ = {isa = PBXBuildFile; fileRef = 25B5DCBB29049C9D00090BF2 /* Main.storyboard */; };
		25B5DCBF29049C9F00090BF2 /* Assets.xcassets in Resources */ = {isa = PBXBuildFile; fileRef = 25B5DCBE29049C9F00090BF2 /* Assets.xcassets */; };
		25B5DCC229049C9F00090BF2 /* LaunchScreen.storyboard in Resources */ = {isa = PBXBuildFile; fileRef = 25B5DCC029049C9F00090BF2 /* LaunchScreen.storyboard */; };
		25B5DCCD29049C9F00090BF2 /* ListEmpTests.swift in Sources */ = {isa = PBXBuildFile; fileRef = 25B5DCCC29049C9F00090BF2 /* ListEmpTests.swift */; };
		25B5DCD729049C9F00090BF2 /* ListEmpUITests.swift in Sources */ = {isa = PBXBuildFile; fileRef = 25B5DCD629049C9F00090BF2 /* ListEmpUITests.swift */; };
		25B5DCD929049C9F00090BF2 /* ListEmpUITestsLaunchTests.swift in Sources */ = {isa = PBXBuildFile; fileRef = 25B5DCD829049C9F00090BF2 /* ListEmpUITestsLaunchTests.swift */; };
/* End PBXBuildFile section */

/* Begin PBXContainerItemProxy section */
		25B5DCC929049C9F00090BF2 /* PBXContainerItemProxy */ = {
			isa = PBXContainerItemProxy;
			containerPortal = 25B5DCAA29049C9D00090BF2 /* Project object */;
			proxyType = 1;
			remoteGlobalIDString = 25B5DCB129049C9D00090BF2;
			remoteInfo = ListEmp;
		};
		25B5DCD329049C9F00090BF2 /* PBXContainerItemProxy */ = {
			isa = PBXContainerItemProxy;
			containerPortal = 25B5DCAA29049C9D00090BF2 /* Project object */;
			proxyType = 1;
			remoteGlobalIDString = 25B5DCB129049C9D00090BF2;
			remoteInfo = ListEmp;
		};
/* End PBXContainerItemProxy section */

/* Begin PBXFileReference section */
		25B5DCB229049C9D00090BF2 /* ListEmp.app */ = {isa = PBXFileReference; explicitFileType = wrapper.application; includeInIndex = 0; path = ListEmp.app; sourceTree = BUILT_PRODUCTS_DIR; };
		25B5DCB529049C9D00090BF2 /* AppDelegate.swift */ = {isa = PBXFileReference; lastKnownFileType = sourcecode.swift; path = AppDelegate.swift; sourceTree = "<group>"; };
		25B5DCB729049C9D00090BF2 /* SceneDelegate.swift */ = {isa = PBXFileReference; lastKnownFileType = sourcecode.swift; path = SceneDelegate.swift; sourceTree = "<group>"; };
		25B5DCB929049C9D00090BF2 /* ViewController.swift */ = {isa = PBXFileReference; lastKnownFileType = sourcecode.swift; path = ViewController.swift; sourceTree = "<group>"; };
		25B5DCBC29049C9D00090BF2 /* Base */ = {isa = PBXFileReference; lastKnownFileType = file.storyboard; name = Base; path = Base.lproj/Main.storyboard; sourceTree = "<group>"; };
		25B5DCBE29049C9F00090BF2 /* Assets.xcassets */ = {isa = PBXFileReference; lastKnownFileType = folder.assetcatalog; path = Assets.xcassets; sourceTree = "<group>"; };
		25B5DCC129049C9F00090BF2 /* Base */ = {isa = PBXFileReference; lastKnownFileType = file.storyboard; name = Base; path = Base.lproj/LaunchScreen.storyboard; sourceTree = "<group>"; };
		25B5DCC329049C9F00090BF2 /* Info.plist */ = {isa = PBXFileReference; lastKnownFileType = text.plist.xml; path = Info.plist; sourceTree = "<group>"; };
		25B5DCC829049C9F00090BF2 /* ListEmpTests.xctest */ = {isa = PBXFileReference; explicitFileType = wrapper.cfbundle; includeInIndex = 0; path = ListEmpTests.xctest; sourceTree = BUILT_PRODUCTS_DIR; };
		25B5DCCC29049C9F00090BF2 /* ListEmpTests.swift */ = {isa = PBXFileReference; lastKnownFileType = sourcecode.swift; path = ListEmpTests.swift; sourceTree = "<group>"; };
		25B5DCD229049C9F00090BF2 /* ListEmpUITests.xctest */ = {isa = PBXFileReference; explicitFileType = wrapper.cfbundle; includeInIndex = 0; path = ListEmpUITests.xctest; sourceTree = BUILT_PRODUCTS_DIR; };
		25B5DCD629049C9F00090BF2 /* ListEmpUITests.swift */ = {isa = PBXFileReference; lastKnownFileType = sourcecode.swift; path = ListEmpUITests.swift; sourceTree = "<group>"; };
		25B5DCD829049C9F00090BF2 /* ListEmpUITestsLaunchTests.swift */ = {isa = PBXFileReference; lastKnownFileType = sourcecode.swift; path = ListEmpUITestsLaunchTests.swift; sourceTree = "<group>"; };
/* End PBXFileReference section */

/* Begin PBXFrameworksBuildPhase section */
		25B5DCAF29049C9D00090BF2 /* Frameworks */ = {
			isa = PBXFrameworksBuildPhase;
			buildActionMask = 2147483647;
			files = (
			);
			runOnlyForDeploymentPostprocessing = 0;
		};
		25B5DCC529049C9F00090BF2 /* Frameworks */ = {
			isa = PBXFrameworksBuildPhase;
			buildActionMask = 2147483647;
			files = (
			);
			runOnlyForDeploymentPostprocessing = 0;
		};
		25B5DCCF29049C9F00090BF2 /* Frameworks */ = {
			isa = PBXFrameworksBuildPhase;
			buildActionMask = 2147483647;
			files = (
			);
			runOnlyForDeploymentPostprocessing = 0;
		};
/* End PBXFrameworksBuildPhase section */

/* Begin PBXGroup section */
		25B5DCA929049C9D00090BF2 = {
			isa = PBXGroup;
			children = (
				25B5DCB429049C9D00090BF2 /* ListEmp */,
				25B5DCCB29049C9F00090BF2 /* ListEmpTests */,
				25B5DCD529049C9F00090BF2 /* ListEmpUITests */,
				25B5DCB329049C9D00090BF2 /* Products */,
			);
			sourceTree = "<group>";
		};
		25B5DCB329049C9D00090BF2 /* Products */ = {
			isa = PBXGroup;
			children = (
				25B5DCB229049C9D00090BF2 /* ListEmp.app */,
				25B5DCC829049C9F00090BF2 /* ListEmpTests.xctest */,
				25B5DCD229049C9F00090BF2 /* ListEmpUITests.xctest */,
			);
			name = Products;
			sourceTree = "<group>";
		};
		25B5DCB429049C9D00090BF2 /* ListEmp */ = {
			isa = PBXGroup;
			children = (
				25B5DCB529049C9D00090BF2 /* AppDelegate.swift */,
				25B5DCB729049C9D00090BF2 /* SceneDelegate.swift */,
				25B5DCB929049C9D00090BF2 /* ViewController.swift */,
				25B5DCBB29049C9D00090BF2 /* Main.storyboard */,
				25B5DCBE29049C9F00090BF2 /* Assets.xcassets */,
				25B5DCC029049C9F00090BF2 /* LaunchScreen.storyboard */,
				25B5DCC329049C9F00090BF2 /* Info.plist */,
			);
			path = ListEmp;
			sourceTree = "<group>";
		};
		25B5DCCB29049C9F00090BF2 /* ListEmpTests */ = {
			isa = PBXGroup;
			children = (
				25B5DCCC29049C9F00090BF2 /* ListEmpTests.swift */,
			);
			path = ListEmpTests;
			sourceTree = "<group>";
		};
		25B5DCD529049C9F00090BF2 /* ListEmpUITests */ = {
			isa = PBXGroup;
			children = (
				25B5DCD629049C9F00090BF2 /* ListEmpUITests.swift */,
				25B5DCD829049C9F00090BF2 /* ListEmpUITestsLaunchTests.swift */,
			);
			path = ListEmpUITests;
			sourceTree = "<group>";
		};
/* End PBXGroup section */

/* Begin PBXNativeTarget section */
		25B5DCB129049C9D00090BF2 /* ListEmp */ = {
			isa = PBXNativeTarget;
			buildConfigurationList = 25B5DCDC29049C9F00090BF2 /* Build configuration list for PBXNativeTarget "ListEmp" */;
			buildPhases = (
				25B5DCAE29049C9D00090BF2 /* Sources */,
				25B5DCAF29049C9D00090BF2 /* Frameworks */,
				25B5DCB029049C9D00090BF2 /* Resources */,
			);
			buildRules = (
			);
			dependencies = (
			);
			name = ListEmp;
			productName = ListEmp;
			productReference = 25B5DCB229049C9D00090BF2 /* ListEmp.app */;
			productType = "com.apple.product-type.application";
		};
		25B5DCC729049C9F00090BF2 /* ListEmpTests */ = {
			isa = PBXNativeTarget;
			buildConfigurationList = 25B5DCDF29049C9F00090BF2 /* Build configuration list for PBXNativeTarget "ListEmpTests" */;
			buildPhases = (
				25B5DCC429049C9F00090BF2 /* Sources */,
				25B5DCC529049C9F00090BF2 /* Frameworks */,
				25B5DCC629049C9F00090BF2 /* Resources */,
			);
			buildRules = (
			);
			dependencies = (
				25B5DCCA29049C9F00090BF2 /* PBXTargetDependency */,
			);
			name = ListEmpTests;
			productName = ListEmpTests;
			productReference = 25B5DCC829049C9F00090BF2 /* ListEmpTests.xctest */;
			productType = "com.apple.product-type.bundle.unit-test";
		};
		25B5DCD129049C9F00090BF2 /* ListEmpUITests */ = {
			isa = PBXNativeTarget;
			buildConfigurationList = 25B5DCE229049C9F00090BF2 /* Build configuration list for PBXNativeTarget "ListEmpUITests" */;
			buildPhases = (
				25B5DCCE29049C9F00090BF2 /* Sources */,
				25B5DCCF29049C9F00090BF2 /* Frameworks */,
				25B5DCD029049C9F00090BF2 /* Resources */,
			);
			buildRules = (
			);
			dependencies = (
				25B5DCD429049C9F00090BF2 /* PBXTargetDependency */,
			);
			name = ListEmpUITests;
			productName = ListEmpUITests;
			productReference = 25B5DCD229049C9F00090BF2 /* ListEmpUITests.xctest */;
			productType = "com.apple.product-type.bundle.ui-testing";
		};
/* End PBXNativeTarget section */

/* Begin PBXProject section */
		25B5DCAA29049C9D00090BF2 /* Project object */ = {
			isa = PBXProject;
			attributes = {
				BuildIndependentTargetsInParallel = 1;
				LastSwiftUpdateCheck = 1340;
				LastUpgradeCheck = 1340;
				TargetAttributes = {
					25B5DCB129049C9D00090BF2 = {
						CreatedOnToolsVersion = 13.4.1;
					};
					25B5DCC729049C9F00090BF2 = {
						CreatedOnToolsVersion = 13.4.1;
						TestTargetID = 25B5DCB129049C9D00090BF2;
					};
					25B5DCD129049C9F00090BF2 = {
						CreatedOnToolsVersion = 13.4.1;
						TestTargetID = 25B5DCB129049C9D00090BF2;
					};
				};
			};
			buildConfigurationList = 25B5DCAD29049C9D00090BF2 /* Build configuration list for PBXProject "ListEmp" */;
			compatibilityVersion = "Xcode 13.0";
			developmentRegion = en;
			hasScannedForEncodings = 0;
			knownRegions = (
				en,
				Base,
			);
			mainGroup = 25B5DCA929049C9D00090BF2;
			productRefGroup = 25B5DCB329049C9D00090BF2 /* Products */;
			projectDirPath = "";
			projectRoot = "";
			targets = (
				25B5DCB129049C9D00090BF2 /* ListEmp */,
				25B5DCC729049C9F00090BF2 /* ListEmpTests */,
				25B5DCD129049C9F00090BF2 /* ListEmpUITests */,
			);
		};
/* End PBXProject section */

/* Begin PBXResourcesBuildPhase section */
		25B5DCB029049C9D00090BF2 /* Resources */ = {
			isa = PBXResourcesBuildPhase;
			buildActionMask = 2147483647;
			files = (
				25B5DCC229049C9F00090BF2 /* LaunchScreen.storyboard in Resources */,
				25B5DCBF29049C9F00090BF2 /* Assets.xcassets in Resources */,
				25B5DCBD29049C9D00090BF2 /* Main.storyboard in Resources */,
			);
			runOnlyForDeploymentPostprocessing = 0;
		};
		25B5DCC629049C9F00090BF2 /* Resources */ = {
			isa = PBXResourcesBuildPhase;
			buildActionMask = 2147483647;
			files = (
			);
			runOnlyForDeploymentPostprocessing = 0;
		};
		25B5DCD029049C9F00090BF2 /* Resources */ = {
			isa = PBXResourcesBuildPhase;
			buildActionMask = 2147483647;
			files = (
			);
			runOnlyForDeploymentPostprocessing = 0;
		};
/* End PBXResourcesBuildPhase section */

/* Begin PBXSourcesBuildPhase section */
		25B5DCAE29049C9D00090BF2 /* Sources */ = {
			isa = PBXSourcesBuildPhase;
			buildActionMask = 2147483647;
			files = (
				25B5DCBA29049C9D00090BF2 /* ViewController.swift in Sources */,
				25B5DCB629049C9D00090BF2 /* AppDelegate.swift in Sources */,
				25B5DCB829049C9D00090BF2 /* SceneDelegate.swift in Sources */,
			);
			runOnlyForDeploymentPostprocessing = 0;
		};
		25B5DCC429049C9F00090BF2 /* Sources */ = {
			isa = PBXSourcesBuildPhase;
			buildActionMask = 2147483647;
			files = (
				25B5DCCD29049C9F00090BF2 /* ListEmpTests.swift in Sources */,
			);
			runOnlyForDeploymentPostprocessing = 0;
		};
		25B5DCCE29049C9F00090BF2 /* Sources */ = {
			isa = PBXSourcesBuildPhase;
			buildActionMask = 2147483647;
			files = (
				25B5DCD729049C9F00090BF2 /* ListEmpUITests.swift in Sources */,
				25B5DCD929049C9F00090BF2 /* ListEmpUITestsLaunchTests.swift in Sources */,
			);
			runOnlyForDeploymentPostprocessing = 0;
		};
/* End PBXSourcesBuildPhase section */

/* Begin PBXTargetDependency section */
		25B5DCCA29049C9F00090BF2 /* PBXTargetDependency */ = {
			isa = PBXTargetDependency;
			target = 25B5DCB129049C9D00090BF2 /* ListEmp */;
			targetProxy = 25B5DCC929049C9F00090BF2 /* PBXContainerItemProxy */;
		};
		25B5DCD429049C9F00090BF2 /* PBXTargetDependency */ = {
			isa = PBXTargetDependency;
			target = 25B5DCB129049C9D00090BF2 /* ListEmp */;
			targetProxy = 25B5DCD329049C9F00090BF2 /* PBXContainerItemProxy */;
		};
/* End PBXTargetDependency section */

/* Begin PBXVariantGroup section */
		25B5DCBB29049C9D00090BF2 /* Main.storyboard */ = {
			isa = PBXVariantGroup;
			children = (
				25B5DCBC29049C9D00090BF2 /* Base */,
			);
			name = Main.storyboard;
			sourceTree = "<group>";
		};
		25B5DCC029049C9F00090BF2 /* LaunchScreen.storyboard */ = {
			isa = PBXVariantGroup;
			children = (
				25B5DCC129049C9F00090BF2 /* Base */,
			);
			name = LaunchScreen.storyboard;
			sourceTree = "<group>";
		};
/* End PBXVariantGroup section */

/* Begin XCBuildConfiguration section */
		25B5DCDA29049C9F00090BF2 /* Debug */ = {
			isa = XCBuildConfiguration;
			buildSettings = {
				ALWAYS_SEARCH_USER_PATHS = NO;
				CLANG_ANALYZER_NONNULL = YES;
				CLANG_ANALYZER_NUMBER_OBJECT_CONVERSION = YES_AGGRESSIVE;
				CLANG_CXX_LANGUAGE_STANDARD = "gnu++17";
				CLANG_ENABLE_MODULES = YES;
				CLANG_ENABLE_OBJC_ARC = YES;
				CLANG_ENABLE_OBJC_WEAK = YES;
				CLANG_WARN_BLOCK_CAPTURE_AUTORELEASING = YES;
				CLANG_WARN_BOOL_CONVERSION = YES;
				CLANG_WARN_COMMA = YES;
				CLANG_WARN_CONSTANT_CONVERSION = YES;
				CLANG_WARN_DEPRECATED_OBJC_IMPLEMENTATIONS = YES;
				CLANG_WARN_DIRECT_OBJC_ISA_USAGE = YES_ERROR;
				CLANG_WARN_DOCUMENTATION_COMMENTS = YES;
				CLANG_WARN_EMPTY_BODY = YES;
				CLANG_WARN_ENUM_CONVERSION = YES;
				CLANG_WARN_INFINITE_RECURSION = YES;
				CLANG_WARN_INT_CONVERSION = YES;
				CLANG_WARN_NON_LITERAL_NULL_CONVERSION = YES;
				CLANG_WARN_OBJC_IMPLICIT_RETAIN_SELF = YES;
				CLANG_WARN_OBJC_LITERAL_CONVERSION = YES;
				CLANG_WARN_OBJC_ROOT_CLASS = YES_ERROR;
				CLANG_WARN_QUOTED_INCLUDE_IN_FRAMEWORK_HEADER = YES;
				CLANG_WARN_RANGE_LOOP_ANALYSIS = YES;
				CLANG_WARN_STRICT_PROTOTYPES = YES;
				CLANG_WARN_SUSPICIOUS_MOVE = YES;
				CLANG_WARN_UNGUARDED_AVAILABILITY = YES_AGGRESSIVE;
				CLANG_WARN_UNREACHABLE_CODE = YES;
				CLANG_WARN__DUPLICATE_METHOD_MATCH = YES;
				COPY_PHASE_STRIP = NO;
				DEBUG_INFORMATION_FORMAT = dwarf;
				ENABLE_STRICT_OBJC_MSGSEND = YES;
				ENABLE_TESTABILITY = YES;
				GCC_C_LANGUAGE_STANDARD = gnu11;
				GCC_DYNAMIC_NO_PIC = NO;
				GCC_NO_COMMON_BLOCKS = YES;
				GCC_OPTIMIZATION_LEVEL = 0;
				GCC_PREPROCESSOR_DEFINITIONS = (
					"DEBUG=1",
					"$(inherited)",
				);
				GCC_WARN_64_TO_32_BIT_CONVERSION = YES;
				GCC_WARN_ABOUT_RETURN_TYPE = YES_ERROR;
				GCC_WARN_UNDECLARED_SELECTOR = YES;
				GCC_WARN_UNINITIALIZED_AUTOS = YES_AGGRESSIVE;
				GCC_WARN_UNUSED_FUNCTION = YES;
				GCC_WARN_UNUSED_VARIABLE = YES;
				IPHONEOS_DEPLOYMENT_TARGET = 15.5;
				MTL_ENABLE_DEBUG_INFO = INCLUDE_SOURCE;
				MTL_FAST_MATH = YES;
				ONLY_ACTIVE_ARCH = YES;
				SDKROOT = iphoneos;
				SWIFT_ACTIVE_COMPILATION_CONDITIONS = DEBUG;
				SWIFT_OPTIMIZATION_LEVEL = "-Onone";
			};
			name = Debug;
		};
		25B5DCDB29049C9F00090BF2 /* Release */ = {
			isa = XCBuildConfiguration;
			buildSettings = {
				ALWAYS_SEARCH_USER_PATHS = NO;
				CLANG_ANALYZER_NONNULL = YES;
				CLANG_ANALYZER_NUMBER_OBJECT_CONVERSION = YES_AGGRESSIVE;
				CLANG_CXX_LANGUAGE_STANDARD = "gnu++17";
				CLANG_ENABLE_MODULES = YES;
				CLANG_ENABLE_OBJC_ARC = YES;
				CLANG_ENABLE_OBJC_WEAK = YES;
				CLANG_WARN_BLOCK_CAPTURE_AUTORELEASING = YES;
				CLANG_WARN_BOOL_CONVERSION = YES;
				CLANG_WARN_COMMA = YES;
				CLANG_WARN_CONSTANT_CONVERSION = YES;
				CLANG_WARN_DEPRECATED_OBJC_IMPLEMENTATIONS = YES;
				CLANG_WARN_DIRECT_OBJC_ISA_USAGE = YES_ERROR;
				CLANG_WARN_DOCUMENTATION_COMMENTS = YES;
				CLANG_WARN_EMPTY_BODY = YES;
				CLANG_WARN_ENUM_CONVERSION = YES;
				CLANG_WARN_INFINITE_RECURSION = YES;
				CLANG_WARN_INT_CONVERSION = YES;
				CLANG_WARN_NON_LITERAL_NULL_CONVERSION = YES;
				CLANG_WARN_OBJC_IMPLICIT_RETAIN_SELF = YES;
				CLANG_WARN_OBJC_LITERAL_CONVERSION = YES;
				CLANG_WARN_OBJC_ROOT_CLASS = YES_ERROR;
				CLANG_WARN_QUOTED_INCLUDE_IN_FRAMEWORK_HEADER = YES;
				CLANG_WARN_RANGE_LOOP_ANALYSIS = YES;
				CLANG_WARN_STRICT_PROTOTYPES = YES;
				CLANG_WARN_SUSPICIOUS_MOVE = YES;
				CLANG_WARN_UNGUARDED_AVAILABILITY = YES_AGGRESSIVE;
				CLANG_WARN_UNREACHABLE_CODE = YES;
				CLANG_WARN__DUPLICATE_METHOD_MATCH = YES;
				COPY_PHASE_STRIP = NO;
				DEBUG_INFORMATION_FORMAT = "dwarf-with-dsym";
				ENABLE_NS_ASSERTIONS = NO;
				ENABLE_STRICT_OBJC_MSGSEND = YES;
				GCC_C_LANGUAGE_STANDARD = gnu11;
				GCC_NO_COMMON_BLOCKS = YES;
				GCC_WARN_64_TO_32_BIT_CONVERSION = YES;
				GCC_WARN_ABOUT_RETURN_TYPE = YES_ERROR;
				GCC_WARN_UNDECLARED_SELECTOR = YES;
				GCC_WARN_UNINITIALIZED_AUTOS = YES_AGGRESSIVE;
				GCC_WARN_UNUSED_FUNCTION = YES;
				GCC_WARN_UNUSED_VARIABLE = YES;
				IPHONEOS_DEPLOYMENT_TARGET = 15.5;
				MTL_ENABLE_DEBUG_INFO = NO;
				MTL_FAST_MATH = YES;
				SDKROOT = iphoneos;
				SWIFT_COMPILATION_MODE = wholemodule;
				SWIFT_OPTIMIZATION_LEVEL = "-O";
				VALIDATE_PRODUCT = YES;
			};
			name = Release;
		};
		25B5DCDD29049C9F00090BF2 /* Debug */ = {
			isa = XCBuildConfiguration;
			buildSettings = {
				ASSETCATALOG_COMPILER_APPICON_NAME = AppIcon;
				ASSETCATALOG_COMPILER_GLOBAL_ACCENT_COLOR_NAME = AccentColor;
				CODE_SIGN_STYLE = Automatic;
				CURRENT_PROJECT_VERSION = 1;
				GENERATE_INFOPLIST_FILE = YES;
				INFOPLIST_FILE = ListEmp/Info.plist;
				INFOPLIST_KEY_UIApplicationSupportsIndirectInputEvents = YES;
				INFOPLIST_KEY_UILaunchStoryboardName = LaunchScreen;
				INFOPLIST_KEY_UIMainStoryboardFile = Main;
				INFOPLIST_KEY_UISupportedInterfaceOrientations_iPad = "UIInterfaceOrientationPortrait UIInterfaceOrientationPortraitUpsideDown UIInterfaceOrientationLandscapeLeft UIInterfaceOrientationLandscapeRight";
				INFOPLIST_KEY_UISupportedInterfaceOrientations_iPhone = "UIInterfaceOrientationPortrait UIInterfaceOrientationLandscapeLeft UIInterfaceOrientationLandscapeRight";
				LD_RUNPATH_SEARCH_PATHS = (
					"$(inherited)",
					"@executable_path/Frameworks",
				);
				MARKETING_VERSION = 1.0;
				PRODUCT_BUNDLE_IDENTIFIER = com.personal.ListEmp;
				PRODUCT_NAME = "$(TARGET_NAME)";
				SWIFT_EMIT_LOC_STRINGS = YES;
				SWIFT_VERSION = 5.0;
				TARGETED_DEVICE_FAMILY = "1,2";
			};
			name = Debug;
		};
		25B5DCDE29049C9F00090BF2 /* Release */ = {
			isa = XCBuildConfiguration;
			buildSettings = {
				ASSETCATALOG_COMPILER_APPICON_NAME = AppIcon;
				ASSETCATALOG_COMPILER_GLOBAL_ACCENT_COLOR_NAME = AccentColor;
				CODE_SIGN_STYLE = Automatic;
				CURRENT_PROJECT_VERSION = 1;
				GENERATE_INFOPLIST_FILE = YES;
				INFOPLIST_FILE = ListEmp/Info.plist;
				INFOPLIST_KEY_UIApplicationSupportsIndirectInputEvents = YES;
				INFOPLIST_KEY_UILaunchStoryboardName = LaunchScreen;
				INFOPLIST_KEY_UIMainStoryboardFile = Main;
				INFOPLIST_KEY_UISupportedInterfaceOrientations_iPad = "UIInterfaceOrientationPortrait UIInterfaceOrientationPortraitUpsideDown UIInterfaceOrientationLandscapeLeft UIInterfaceOrientationLandscapeRight";
				INFOPLIST_KEY_UISupportedInterfaceOrientations_iPhone = "UIInterfaceOrientationPortrait UIInterfaceOrientationLandscapeLeft UIInterfaceOrientationLandscapeRight";
				LD_RUNPATH_SEARCH_PATHS = (
					"$(inherited)",
					"@executable_path/Frameworks",
				);
				MARKETING_VERSION = 1.0;
				PRODUCT_BUNDLE_IDENTIFIER = com.personal.ListEmp;
				PRODUCT_NAME = "$(TARGET_NAME)";
				SWIFT_EMIT_LOC_STRINGS = YES;
				SWIFT_VERSION = 5.0;
				TARGETED_DEVICE_FAMILY = "1,2";
			};
			name = Release;
		};
		25B5DCE029049C9F00090BF2 /* Debug */ = {
			isa = XCBuildConfiguration;
			buildSettings = {
				ALWAYS_EMBED_SWIFT_STANDARD_LIBRARIES = YES;
				BUNDLE_LOADER = "$(TEST_HOST)";
				CODE_SIGN_STYLE = Automatic;
				CURRENT_PROJECT_VERSION = 1;
				GENERATE_INFOPLIST_FILE = YES;
				IPHONEOS_DEPLOYMENT_TARGET = 15.5;
				MARKETING_VERSION = 1.0;
				PRODUCT_BUNDLE_IDENTIFIER = com.personal.ListEmpTests;
				PRODUCT_NAME = "$(TARGET_NAME)";
				SWIFT_EMIT_LOC_STRINGS = NO;
				SWIFT_VERSION = 5.0;
				TARGETED_DEVICE_FAMILY = "1,2";
				TEST_HOST = "$(BUILT_PRODUCTS_DIR)/ListEmp.app/ListEmp";
			};
			name = Debug;
		};
		25B5DCE129049C9F00090BF2 /* Release */ = {
			isa = XCBuildConfiguration;
			buildSettings = {
				ALWAYS_EMBED_SWIFT_STANDARD_LIBRARIES = YES;
				BUNDLE_LOADER = "$(TEST_HOST)";
				CODE_SIGN_STYLE = Automatic;
				CURRENT_PROJECT_VERSION = 1;
				GENERATE_INFOPLIST_FILE = YES;
				IPHONEOS_DEPLOYMENT_TARGET = 15.5;
				MARKETING_VERSION = 1.0;
				PRODUCT_BUNDLE_IDENTIFIER = com.personal.ListEmpTests;
				PRODUCT_NAME = "$(TARGET_NAME)";
				SWIFT_EMIT_LOC_STRINGS = NO;
				SWIFT_VERSION = 5.0;
				TARGETED_DEVICE_FAMILY = "1,2";
				TEST_HOST = "$(BUILT_PRODUCTS_DIR)/ListEmp.app/ListEmp";
			};
			name = Release;
		};
		25B5DCE329049C9F00090BF2 /* Debug */ = {
			isa = XCBuildConfiguration;
			buildSettings = {
				ALWAYS_EMBED_SWIFT_STANDARD_LIBRARIES = YES;
				CODE_SIGN_STYLE = Automatic;
				CURRENT_PROJECT_VERSION = 1;
				GENERATE_INFOPLIST_FILE = YES;
				MARKETING_VERSION = 1.0;
				PRODUCT_BUNDLE_IDENTIFIER = com.personal.ListEmpUITests;
				PRODUCT_NAME = "$(TARGET_NAME)";
				SWIFT_EMIT_LOC_STRINGS = NO;
				SWIFT_VERSION = 5.0;
				TARGETED_DEVICE_FAMILY = "1,2";
				TEST_TARGET_NAME = ListEmp;
			};
			name = Debug;
		};
		25B5DCE429049C9F00090BF2 /* Release */ = {
			isa = XCBuildConfiguration;
			buildSettings = {
				ALWAYS_EMBED_SWIFT_STANDARD_LIBRARIES = YES;
				CODE_SIGN_STYLE = Automatic;
				CURRENT_PROJECT_VERSION = 1;
				GENERATE_INFOPLIST_FILE = YES;
				MARKETING_VERSION = 1.0;
				PRODUCT_BUNDLE_IDENTIFIER = com.personal.ListEmpUITests;
				PRODUCT_NAME = "$(TARGET_NAME)";
				SWIFT_EMIT_LOC_STRINGS = NO;
				SWIFT_VERSION = 5.0;
				TARGETED_DEVICE_FAMILY = "1,2";
				TEST_TARGET_NAME = ListEmp;
			};
			name = Release;
		};
/* End XCBuildConfiguration section */

/* Begin XCConfigurationList section */
		25B5DCAD29049C9D00090BF2 /* Build configuration list for PBXProject "ListEmp" */ = {
			isa = XCConfigurationList;
			buildConfigurations = (
				25B5DCDA29049C9F00090BF2 /* Debug */,
				25B5DCDB29049C9F00090BF2 /* Release */,
			);
			defaultConfigurationIsVisible = 0;
			defaultConfigurationName = Release;
		};
		25B5DCDC29049C9F00090BF2 /* Build configuration list for PBXNativeTarget "ListEmp" */ = {
			isa = XCConfigurationList;
			buildConfigurations = (
				25B5DCDD29049C9F00090BF2 /* Debug */,
				25B5DCDE29049C9F00090BF2 /* Release */,
			);
			defaultConfigurationIsVisible = 0;
			defaultConfigurationName = Release;
		};
		25B5DCDF29049C9F00090BF2 /* Build configuration list for PBXNativeTarget "ListEmpTests" */ = {
			isa = XCConfigurationList;
			buildConfigurations = (
				25B5DCE029049C9F00090BF2 /* Debug */,
				25B5DCE129049C9F00090BF2 /* Release */,
			);
			defaultConfigurationIsVisible = 0;
			defaultConfigurationName = Release;
		};
		25B5DCE229049C9F00090BF2 /* Build configuration list for PBXNativeTarget "ListEmpUITests" */ = {
			isa = XCConfigurationList;
			buildConfigurations = (
				25B5DCE329049C9F00090BF2 /* Debug */,
				25B5DCE429049C9F00090BF2 /* Release */,
			);
			defaultConfigurationIsVisible = 0;
			defaultConfigurationName = Release;
		};
/* End XCConfigurationList section */
	};
	rootObject = 25B5DCAA29049C9D00090BF2 /* Project object */;
}
